
Microsoft Visual Studio Solution File, Format Version 12.00
# Visual Studio 15
VisualStudioVersion = 15.0.27428.2043
MinimumVisualStudioVersion = 10.0.40219.1
Project("{9A19103F-16F7-4668-BE54-9A1E7A4F7556}") = "PackagesForDays", "PackagesForDays.csproj", "{8615C0A1-4438-4648-B92E-41307696BAF3}"
EndProject
Project("{FAE04EC0-301F-11D3-BF4B-00C04F79EFBC}") = "Graph", "..\Graph\Graph.csproj", "{BA44FCAD-F1CC-430E-90A3-3998AC87A7AA}"
EndProject
Global
	GlobalSection(SolutionConfigurationPlatforms) = preSolution
		Debug|Any CPU = Debug|Any CPU
		Release|Any CPU = Release|Any CPU
	EndGlobalSection
	GlobalSection(ProjectConfigurationPlatforms) = postSolution
		{8615C0A1-4438-4648-B92E-41307696BAF3}.Debug|Any CPU.ActiveCfg = Debug|Any CPU
		{8615C0A1-4438-4648-B92E-41307696BAF3}.Debug|Any CPU.Build.0 = Debug|Any CPU
		{8615C0A1-4438-4648-B92E-41307696BAF3}.Release|Any CPU.ActiveCfg = Release|Any CPU
		{8615C0A1-4438-4648-B92E-41307696BAF3}.Release|Any CPU.Build.0 = Release|Any CPU
		{BA44FCAD-F1CC-430E-90A3-3998AC87A7AA}.Debug|Any CPU.ActiveCfg = Debug|Any CPU
		{BA44FCAD-F1CC-430E-90A3-3998AC87A7AA}.Debug|Any CPU.Build.0 = Debug|Any CPU
		{BA44FCAD-F1CC-430E-90A3-3998AC87A7AA}.Release|Any CPU.ActiveCfg = Release|Any CPU
		{BA44FCAD-F1CC-430E-90A3-3998AC87A7AA}.Release|Any CPU.Build.0 = Release|Any CPU
	EndGlobalSection
	GlobalSection(SolutionProperties) = preSolution
		HideSolutionNode = FALSE
	EndGlobalSection
	GlobalSection(ExtensibilityGlobals) = postSolution
		SolutionGuid = {60535E77-2C94-49F2-998C-57A6E2CF5790}
	EndGlobalSection
EndGlobal
